schema: '2.0'
stages:
  data_ingestion:
    cmd: python src/data_ingestion.py
    deps:
    - path: src/data_ingestion.py
      hash: md5
      md5: f312bea14c4da6b89bd7bfa75b0dd1f8
      size: 4466
    params:
      params.yaml:
        data_ingestion.test_size: 0.3
    outs:
    - path: data/raw
      hash: md5
      md5: 506021b2951b5a642d0d50e6e224e825.dir
      size: 484846
      nfiles: 2
  pre-processing:
    cmd: python src/pre-processing.py
    deps:
    - path: data/raw
      hash: md5
      md5: 506021b2951b5a642d0d50e6e224e825.dir
      size: 484846
      nfiles: 2
    - path: src/pre-processing.py
      hash: md5
      md5: d318acf7bdadafc47d0bcf131227dade
      size: 4831
    outs:
    - path: data/interim
      hash: md5
      md5: 867573c77ed49f68fbf67856f39c0c0a.dir
      size: 249341
      nfiles: 2
  feature_engineering:
    cmd: python src/feature_engineering.py
    deps:
    - path: data/interim
      hash: md5
      md5: 867573c77ed49f68fbf67856f39c0c0a.dir
      size: 249341
      nfiles: 2
    - path: src/feature_engineering.py
      hash: md5
      md5: a58f85002d5fba43f3884e2f576aec75
      size: 4919
    params:
      params.yaml:
        feature_engineering.max_features: 40
    outs:
    - path: data/processed
      hash: md5
      md5: 3c5be5f22f9705e7216cd951e0563483.dir
      size: 961526
      nfiles: 2
  model_training:
    cmd: python src/model_training.py
    deps:
    - path: data/processed
      hash: md5
      md5: 3c5be5f22f9705e7216cd951e0563483.dir
      size: 961526
      nfiles: 2
    - path: src/model_training.py
      hash: md5
      md5: 6bc74a132b947c59c6e98f5113d1735e
      size: 4896
    params:
      params.yaml:
        model_training.n_estimators: 35
        model_training.random_state: 5
    outs:
    - path: models/model.pkl
      hash: md5
      md5: 97b4acf86d2bb64c577d68937874108b
      size: 1109403
  model_evaluation:
    cmd: python src/model_evaluation.py
    deps:
    - path: models/model.pkl
      hash: md5
      md5: 97b4acf86d2bb64c577d68937874108b
      size: 1109403
    - path: src/model_evaluation.py
      hash: md5
      md5: c35f4395a0a1bde59f36d8249d27a597
      size: 5671
    outs:
    - path: reports/metrics.json
      hash: md5
      md5: 4e8bfd622851c70fd24a0c700c704ee8
      size: 149
